
Microsoft Visual Studio Solution File, Format Version 12.00
# Visual Studio Version 16
VisualStudioVersion = 16.0.30128.74
MinimumVisualStudioVersion = 10.0.40219.1
Project("{9A19103F-16F7-4668-BE54-9A1E7A4F7556}") = "WebSiteManager.Data", "WebSiteManager.Data\WebSiteManager.Data.csproj", "{A23017C7-83D5-4531-BF50-600AE54C0BDE}"
EndProject
Project("{9A19103F-16F7-4668-BE54-9A1E7A4F7556}") = "WebSiteManager.DataModels", "WebSiteManager.DataModels\WebSiteManager.DataModels.csproj", "{D880DBE3-BCF1-4014-9412-53A7DAAC3D7D}"
EndProject
Project("{FAE04EC0-301F-11D3-BF4B-00C04F79EFBC}") = "WebSiteManager.Services", "WebSiteManager.Services\WebSiteManager.Services.csproj", "{D6C3436E-A369-432E-81FE-BE67DD62F1BB}"
EndProject
Project("{FAE04EC0-301F-11D3-BF4B-00C04F79EFBC}") = "Remove", "Remove\Remove.csproj", "{3B273052-E04B-4CF1-B6A5-B0753103BDE2}"
EndProject
Global
	GlobalSection(SolutionConfigurationPlatforms) = preSolution
		Debug|Any CPU = Debug|Any CPU
		Release|Any CPU = Release|Any CPU
	EndGlobalSection
	GlobalSection(ProjectConfigurationPlatforms) = postSolution
		{A23017C7-83D5-4531-BF50-600AE54C0BDE}.Debug|Any CPU.ActiveCfg = Debug|Any CPU
		{A23017C7-83D5-4531-BF50-600AE54C0BDE}.Debug|Any CPU.Build.0 = Debug|Any CPU
		{A23017C7-83D5-4531-BF50-600AE54C0BDE}.Release|Any CPU.ActiveCfg = Release|Any CPU
		{A23017C7-83D5-4531-BF50-600AE54C0BDE}.Release|Any CPU.Build.0 = Release|Any CPU
		{D880DBE3-BCF1-4014-9412-53A7DAAC3D7D}.Debug|Any CPU.ActiveCfg = Debug|Any CPU
		{D880DBE3-BCF1-4014-9412-53A7DAAC3D7D}.Debug|Any CPU.Build.0 = Debug|Any CPU
		{D880DBE3-BCF1-4014-9412-53A7DAAC3D7D}.Release|Any CPU.ActiveCfg = Release|Any CPU
		{D880DBE3-BCF1-4014-9412-53A7DAAC3D7D}.Release|Any CPU.Build.0 = Release|Any CPU
		{D6C3436E-A369-432E-81FE-BE67DD62F1BB}.Debug|Any CPU.ActiveCfg = Debug|Any CPU
		{D6C3436E-A369-432E-81FE-BE67DD62F1BB}.Debug|Any CPU.Build.0 = Debug|Any CPU
		{D6C3436E-A369-432E-81FE-BE67DD62F1BB}.Release|Any CPU.ActiveCfg = Release|Any CPU
		{D6C3436E-A369-432E-81FE-BE67DD62F1BB}.Release|Any CPU.Build.0 = Release|Any CPU
		{3B273052-E04B-4CF1-B6A5-B0753103BDE2}.Debug|Any CPU.ActiveCfg = Debug|Any CPU
		{3B273052-E04B-4CF1-B6A5-B0753103BDE2}.Debug|Any CPU.Build.0 = Debug|Any CPU
		{3B273052-E04B-4CF1-B6A5-B0753103BDE2}.Release|Any CPU.ActiveCfg = Release|Any CPU
		{3B273052-E04B-4CF1-B6A5-B0753103BDE2}.Release|Any CPU.Build.0 = Release|Any CPU
	EndGlobalSection
	GlobalSection(SolutionProperties) = preSolution
		HideSolutionNode = FALSE
	EndGlobalSection
	GlobalSection(ExtensibilityGlobals) = postSolution
		SolutionGuid = {F9FA261C-F47A-4BFF-ADFD-9678A6A1617B}
	EndGlobalSection
EndGlobal
